{
    "_readme": [
        "This file locks the dependencies of your project to a known state",
        "Read more about it at https://getcomposer.org/doc/01-basic-usage.md#installing-dependencies",
        "This file is @generated automatically"
    ],
    "content-hash": "26185157664d92da6cfe8b00b4184e1a",
    "packages": [
        {
            "name": "aternos/taskmaster",
            "version": "dev-master",
            "source": {
                "type": "git",
                "url": "https://github.com/aternosorg/taskmaster.git",
                "reference": "93200ac749bdb0b8d6b939c91f5a122051d61def"
            },
            "dist": {
                "type": "zip",
                "url": "https://api.github.com/repos/aternosorg/taskmaster/zipball/93200ac749bdb0b8d6b939c91f5a122051d61def",
                "reference": "93200ac749bdb0b8d6b939c91f5a122051d61def",
                "shasum": ""
            },
            "require": {
                "php": ">=8.1"
            },
            "require-dev": {
                "phpbench/phpbench": "^1.2",
                "phpunit/phpunit": "^10.4"
            },
            "suggest": {
                "ext-parallel": "Required for thread workers",
                "ext-pcntl": "Required for fork workers"
            },
            "default-branch": true,
            "type": "library",
            "autoload": {
                "psr-4": {
                    "Aternos\\Taskmaster\\": "src/"
                }
            },
            "notification-url": "https://packagist.org/downloads/",
            "license": [
                "MIT"
            ],
            "authors": [
                {
                    "name": "Matthias Neid",
                    "email": "matthias@aternos.org"
                }
            ],
            "description": "Object-oriented PHP library for running tasks in parallel",
            "support": {
                "issues": "https://github.com/aternosorg/taskmaster/issues",
                "source": "https://github.com/aternosorg/taskmaster/tree/master"
            },
            "time": "2023-10-26T15:45:40+00:00"
        },
        {
            "name": "psr/log",
            "version": "1.1.4",
            "source": {
                "type": "git",
                "url": "https://github.com/php-fig/log.git",
                "reference": "d49695b909c3b7628b6289db5479a1c204601f11"
            },
            "dist": {
                "type": "zip",
                "url": "https://api.github.com/repos/php-fig/log/zipball/d49695b909c3b7628b6289db5479a1c204601f11",
                "reference": "d49695b909c3b7628b6289db5479a1c204601f11",
                "shasum": ""
            },
            "require": {
                "php": ">=5.3.0"
            },
            "type": "library",
            "extra": {
                "branch-alias": {
                    "dev-master": "1.1.x-dev"
                }
            },
            "autoload": {
                "psr-4": {
                    "Psr\\Log\\": "Psr/Log/"
                }
            },
            "notification-url": "https://packagist.org/downloads/",
            "license": [
                "MIT"
            ],
            "authors": [
                {
                    "name": "PHP-FIG",
                    "homepage": "https://www.php-fig.org/"
                }
            ],
            "description": "Common interface for logging libraries",
            "homepage": "https://github.com/php-fig/log",
            "keywords": [
                "log",
                "psr",
                "psr-3"
            ],
            "support": {
                "source": "https://github.com/php-fig/log/tree/1.1.4"
            },
            "time": "2021-05-03T11:20:27+00:00"
        },
        {
            "name": "vanilla/garden-cli",
            "version": "v3.1.2",
            "source": {
                "type": "git",
                "url": "https://github.com/vanilla/garden-cli.git",
                "reference": "d9844c47f4f2812259ee1b583aa66e7b6b5d85c5"
            },
            "dist": {
                "type": "zip",
                "url": "https://api.github.com/repos/vanilla/garden-cli/zipball/d9844c47f4f2812259ee1b583aa66e7b6b5d85c5",
                "reference": "d9844c47f4f2812259ee1b583aa66e7b6b5d85c5",
                "shasum": ""
            },
            "require": {
                "ext-json": "*",
                "php": ">=7.2",
                "psr/log": "^1.0"
            },
            "require-dev": {
                "ergebnis/composer-normalize": "^2.8",
                "phpdocumentor/reflection-docblock": "^4.3",
                "phpunit/phpunit": "^8",
                "vanilla/garden-container": "^3.0",
                "vanilla/standards": "^1.3",
                "vimeo/psalm": "^3.16"
            },
            "suggest": {
                "ext-pdo": "Required for the DbUtils class.",
                "phpdocumentor/reflection-docblock": "Required for the CliApplication functionality.",
                "vanilla/garden-container": "Required for the CliApplication functionality."
            },
            "type": "library",
            "autoload": {
                "psr-4": {
                    "Garden\\Cli\\": "src"
                }
            },
            "notification-url": "https://packagist.org/downloads/",
            "license": [
                "MIT"
            ],
            "authors": [
                {
                    "name": "Todd Burry",
                    "email": "todd@vanillaforums.com"
                }
            ],
            "description": "A full-featured, yet ridiculously simple commandline parser for your next php cli script. Stop fighting with getopt().",
            "support": {
                "issues": "https://github.com/vanilla/garden-cli/issues",
                "source": "https://github.com/vanilla/garden-cli/tree/v3.1.2"
            },
            "time": "2020-10-25T13:36:44+00:00"
        }
    ],
    "packages-dev": [],
    "aliases": [],
    "minimum-stability": "dev",
    "stability-flags": {
        "aternos/taskmaster": 20
    },
    "prefer-stable": false,
    "prefer-lowest": false,
    "platform": {
        "ext-imagick": "*",
        "ext-json": "*",
        "php": ">=8.1"
    },
    "platform-dev": [],
    "plugin-api-version": "2.6.0"
}
